
Microsoft Visual Studio Solution File, Format Version 12.00
# Visual Studio Version 16
VisualStudioVersion = 16.0.31729.503
MinimumVisualStudioVersion = 10.0.40219.1
Project("{FAE04EC0-301F-11D3-BF4B-00C04F79EFBC}") = "SOAPath", "SOAPath\SOAPath.csproj", "{4989EC38-BD49-4EC0-9FA1-10F9F05BCAA1}"
EndProject
Project("{FAE04EC0-301F-11D3-BF4B-00C04F79EFBC}") = "Calculator", "Calculator\Calculator.csproj", "{00A78E5A-57B4-4198-9221-7BF8D1513A40}"
EndProject
Global
	GlobalSection(SolutionConfigurationPlatforms) = preSolution
		Debug|Any CPU = Debug|Any CPU
		Release|Any CPU = Release|Any CPU
	EndGlobalSection
	GlobalSection(ProjectConfigurationPlatforms) = postSolution
		{4989EC38-BD49-4EC0-9FA1-10F9F05BCAA1}.Debug|Any CPU.ActiveCfg = Debug|Any CPU
		{4989EC38-BD49-4EC0-9FA1-10F9F05BCAA1}.Debug|Any CPU.Build.0 = Debug|Any CPU
		{4989EC38-BD49-4EC0-9FA1-10F9F05BCAA1}.Release|Any CPU.ActiveCfg = Release|Any CPU
		{4989EC38-BD49-4EC0-9FA1-10F9F05BCAA1}.Release|Any CPU.Build.0 = Release|Any CPU
		{00A78E5A-57B4-4198-9221-7BF8D1513A40}.Debug|Any CPU.ActiveCfg = Debug|Any CPU
		{00A78E5A-57B4-4198-9221-7BF8D1513A40}.Debug|Any CPU.Build.0 = Debug|Any CPU
		{00A78E5A-57B4-4198-9221-7BF8D1513A40}.Release|Any CPU.ActiveCfg = Release|Any CPU
		{00A78E5A-57B4-4198-9221-7BF8D1513A40}.Release|Any CPU.Build.0 = Release|Any CPU
	EndGlobalSection
	GlobalSection(SolutionProperties) = preSolution
		HideSolutionNode = FALSE
	EndGlobalSection
	GlobalSection(ExtensibilityGlobals) = postSolution
		SolutionGuid = {C63E5ABD-4C27-4731-9ED9-9307533578A1}
	EndGlobalSection
EndGlobal
